// !$*UTF8*$!
{
	archiveVersion = 1;
	classes = {
	};
	objectVersion = 46;
	objects = {

/* Begin PBXBuildFile section */
		4D233A9A190FEB86004B35AC /* Foundation.framework in Frameworks */ = {isa = PBXBuildFile; fileRef = 4D233A99190FEB86004B35AC /* Foundation.framework */; };
		4D233A9C190FEB86004B35AC /* CoreGraphics.framework in Frameworks */ = {isa = PBXBuildFile; fileRef = 4D233A9B190FEB86004B35AC /* CoreGraphics.framework */; };
		4D233A9E190FEB86004B35AC /* UIKit.framework in Frameworks */ = {isa = PBXBuildFile; fileRef = 4D233A9D190FEB86004B35AC /* UIKit.framework */; };
		4D233AA4190FEB86004B35AC /* InfoPlist.strings in Resources */ = {isa = PBXBuildFile; fileRef = 4D233AA2190FEB86004B35AC /* InfoPlist.strings */; };
		4D233AA6190FEB86004B35AC /* main.m in Sources */ = {isa = PBXBuildFile; fileRef = 4D233AA5190FEB86004B35AC /* main.m */; };
		4D233AAA190FEB86004B35AC /* AppDelegate.m in Sources */ = {isa = PBXBuildFile; fileRef = 4D233AA9190FEB86004B35AC /* AppDelegate.m */; };
		4D233AAC190FEB86004B35AC /* Images.xcassets in Resources */ = {isa = PBXBuildFile; fileRef = 4D233AAB190FEB86004B35AC /* Images.xcassets */; };
		4D72FBB61911CFDD001B695A /* InfoPlist.strings in Resources */ = {isa = PBXBuildFile; fileRef = 4D72FB7E1911CFDD001B695A /* InfoPlist.strings */; };
		4D72FBB71911CFDD001B695A /* pop-Info.plist in Resources */ = {isa = PBXBuildFile; fileRef = 4D72FB801911CFDD001B695A /* pop-Info.plist */; };
		4D72FBB81911CFDD001B695A /* POPAnimatableProperty.mm in Sources */ = {isa = PBXBuildFile; fileRef = 4D72FB851911CFDD001B695A /* POPAnimatableProperty.mm */; };
		4D72FBB91911CFDD001B695A /* POPAnimation.mm in Sources */ = {isa = PBXBuildFile; fileRef = 4D72FB871911CFDD001B695A /* POPAnimation.mm */; };
		4D72FBBA1911CFDD001B695A /* POPAnimationEvent.mm in Sources */ = {isa = PBXBuildFile; fileRef = 4D72FB891911CFDD001B695A /* POPAnimationEvent.mm */; };
		4D72FBBB1911CFDD001B695A /* POPAnimationExtras.mm in Sources */ = {isa = PBXBuildFile; fileRef = 4D72FB8C1911CFDD001B695A /* POPAnimationExtras.mm */; };
		4D72FBBC1911CFDD001B695A /* POPAnimationRuntime.mm in Sources */ = {isa = PBXBuildFile; fileRef = 4D72FB901911CFDD001B695A /* POPAnimationRuntime.mm */; };
		4D72FBBD1911CFDD001B695A /* POPAnimationTracer.mm in Sources */ = {isa = PBXBuildFile; fileRef = 4D72FB921911CFDD001B695A /* POPAnimationTracer.mm */; };
		4D72FBBE1911CFDD001B695A /* POPAnimator.mm in Sources */ = {isa = PBXBuildFile; fileRef = 4D72FB951911CFDD001B695A /* POPAnimator.mm */; };
		4D72FBBF1911CFDD001B695A /* POPBasicAnimation.mm in Sources */ = {isa = PBXBuildFile; fileRef = 4D72FB981911CFDD001B695A /* POPBasicAnimation.mm */; };
		4D72FBC01911CFDD001B695A /* POPCGUtils.mm in Sources */ = {isa = PBXBuildFile; fileRef = 4D72FB9B1911CFDD001B695A /* POPCGUtils.mm */; };
		4D72FBC11911CFDD001B695A /* POPCustomAnimation.mm in Sources */ = {isa = PBXBuildFile; fileRef = 4D72FB9D1911CFDD001B695A /* POPCustomAnimation.mm */; };
		4D72FBC21911CFDD001B695A /* POPDecayAnimation.mm in Sources */ = {isa = PBXBuildFile; fileRef = 4D72FB9F1911CFDD001B695A /* POPDecayAnimation.mm */; };
		4D72FBC31911CFDD001B695A /* POPGeometry.mm in Sources */ = {isa = PBXBuildFile; fileRef = 4D72FBA31911CFDD001B695A /* POPGeometry.mm */; };
		4D72FBC41911CFDD001B695A /* POPLayerExtras.mm in Sources */ = {isa = PBXBuildFile; fileRef = 4D72FBA51911CFDD001B695A /* POPLayerExtras.mm */; };
		4D72FBC51911CFDD001B695A /* POPMath.mm in Sources */ = {isa = PBXBuildFile; fileRef = 4D72FBA71911CFDD001B695A /* POPMath.mm */; };
		4D72FBC61911CFDD001B695A /* POPPropertyAnimation.mm in Sources */ = {isa = PBXBuildFile; fileRef = 4D72FBA91911CFDD001B695A /* POPPropertyAnimation.mm */; };
		4D72FBC71911CFDD001B695A /* POPSpringAnimation.mm in Sources */ = {isa = PBXBuildFile; fileRef = 4D72FBAC1911CFDD001B695A /* POPSpringAnimation.mm */; };
		4D72FBC81911CFDD001B695A /* POPVector.mm in Sources */ = {isa = PBXBuildFile; fileRef = 4D72FBB01911CFDD001B695A /* POPVector.mm */; };
		4D72FBC91911CFDD001B695A /* TransformationMatrix.cpp in Sources */ = {isa = PBXBuildFile; fileRef = 4D72FBB31911CFDD001B695A /* TransformationMatrix.cpp */; };
		4D72FBDD1911EDB6001B695A /* POPSpringPOPLayerSize.m in Sources */ = {isa = PBXBuildFile; fileRef = 4D72FBD81911EDB6001B695A /* POPSpringPOPLayerSize.m */; };
		4D72FBDE1911EDB6001B695A /* POPSpringPOPLayerSize.xib in Resources */ = {isa = PBXBuildFile; fileRef = 4D72FBD91911EDB6001B695A /* POPSpringPOPLayerSize.xib */; };
		4D72FBDF1911EDB6001B695A /* ViewController.m in Sources */ = {isa = PBXBuildFile; fileRef = 4D72FBDB1911EDB6001B695A /* ViewController.m */; };
		4D72FBE01911EDB6001B695A /* ViewController.xib in Resources */ = {isa = PBXBuildFile; fileRef = 4D72FBDC1911EDB6001B695A /* ViewController.xib */; };
		4D72FBE31911EE21001B695A /* chengxuyuan.png in Resources */ = {isa = PBXBuildFile; fileRef = 4D72FBE21911EE21001B695A /* chengxuyuan.png */; };
		4D72FBE81911EF5D001B695A /* POPSpringPOPLayerPosition.m in Sources */ = {isa = PBXBuildFile; fileRef = 4D72FBE61911EF5D001B695A /* POPSpringPOPLayerPosition.m */; };
		4D72FBE91911EF5D001B695A /* POPSpringPOPLayerPosition.xib in Resources */ = {isa = PBXBuildFile; fileRef = 4D72FBE71911EF5D001B695A /* POPSpringPOPLayerPosition.xib */; };
		4D72FBF71911FFE7001B695A /* POPBasicPOPViewAlpha.m in Sources */ = {isa = PBXBuildFile; fileRef = 4D72FBF51911FFE7001B695A /* POPBasicPOPViewAlpha.m */; };
		4D72FBF81911FFE7001B695A /* POPBasicPOPViewAlpha.xib in Resources */ = {isa = PBXBuildFile; fileRef = 4D72FBF61911FFE7001B695A /* POPBasicPOPViewAlpha.xib */; };
		4D72FBFC19120842001B695A /* POPSpringPOPViewFrame.m in Sources */ = {isa = PBXBuildFile; fileRef = 4D72FBFA19120842001B695A /* POPSpringPOPViewFrame.m */; };
		4D72FBFD19120842001B695A /* POPSpringPOPViewFrame.xib in Resources */ = {isa = PBXBuildFile; fileRef = 4D72FBFB19120842001B695A /* POPSpringPOPViewFrame.xib */; };
		4D72FBFF19120A3F001B695A /* rexueriji.png in Resources */ = {isa = PBXBuildFile; fileRef = 4D72FBFE19120A3F001B695A /* rexueriji.png */; };
		4D72FC04191351AD001B695A /* CombinePOPbox.m in Sources */ = {isa = PBXBuildFile; fileRef = 4D72FC02191351AD001B695A /* CombinePOPbox.m */; };
		4D72FC07191353A8001B695A /* CombinePOPbox.xib in Resources */ = {isa = PBXBuildFile; fileRef = 4D72FC06191353A8001B695A /* CombinePOPbox.xib */; };
		4D72FC09191358B5001B695A /* menu.png in Resources */ = {isa = PBXBuildFile; fileRef = 4D72FC08191358B5001B695A /* menu.png */; };
/* End PBXBuildFile section */

/* Begin PBXFileReference section */
		4D233A96190FEB86004B35AC /* TestPop.app */ = {isa = PBXFileReference; explicitFileType = wrapper.application; includeInIndex = 0; path = TestPop.app; sourceTree = BUILT_PRODUCTS_DIR; };
		4D233A99190FEB86004B35AC /* Foundation.framework */ = {isa = PBXFileReference; lastKnownFileType = wrapper.framework; name = Foundation.framework; path = System/Library/Frameworks/Foundation.framework; sourceTree = SDKROOT; };
		4D233A9B190FEB86004B35AC /* CoreGraphics.framework */ = {isa = PBXFileReference; lastKnownFileType = wrapper.framework; name = CoreGraphics.framework; path = System/Library/Frameworks/CoreGraphics.framework; sourceTree = SDKROOT; };
		4D233A9D190FEB86004B35AC /* UIKit.framework */ = {isa = PBXFileReference; lastKnownFileType = wrapper.framework; name = UIKit.framework; path = System/Library/Frameworks/UIKit.framework; sourceTree = SDKROOT; };
		4D233AA1190FEB86004B35AC /* TestPop-Info.plist */ = {isa = PBXFileReference; lastKnownFileType = text.plist.xml; path = "TestPop-Info.plist"; sourceTree = "<group>"; };
		4D233AA3190FEB86004B35AC /* en */ = {isa = PBXFileReference; lastKnownFileType = text.plist.strings; name = en; path = en.lproj/InfoPlist.strings; sourceTree = "<group>"; };
		4D233AA5190FEB86004B35AC /* main.m */ = {isa = PBXFileReference; lastKnownFileType = sourcecode.c.objc; path = main.m; sourceTree = "<group>"; };
		4D233AA7190FEB86004B35AC /* TestPop-Prefix.pch */ = {isa = PBXFileReference; lastKnownFileType = sourcecode.c.h; path = "TestPop-Prefix.pch"; sourceTree = "<group>"; };
		4D233AA8190FEB86004B35AC /* AppDelegate.h */ = {isa = PBXFileReference; lastKnownFileType = sourcecode.c.h; name = AppDelegate.h; path = TestPop/AppDelegate.h; sourceTree = "<group>"; };
		4D233AA9190FEB86004B35AC /* AppDelegate.m */ = {isa = PBXFileReference; lastKnownFileType = sourcecode.c.objc; name = AppDelegate.m; path = TestPop/AppDelegate.m; sourceTree = "<group>"; };
		4D233AAB190FEB86004B35AC /* Images.xcassets */ = {isa = PBXFileReference; lastKnownFileType = folder.assetcatalog; path = Images.xcassets; sourceTree = "<group>"; };
		4D233AB2190FEB86004B35AC /* XCTest.framework */ = {isa = PBXFileReference; lastKnownFileType = wrapper.framework; name = XCTest.framework; path = Library/Frameworks/XCTest.framework; sourceTree = DEVELOPER_DIR; };
		4D72FB7F1911CFDD001B695A /* en */ = {isa = PBXFileReference; lastKnownFileType = text.plist.strings; name = en; path = en.lproj/InfoPlist.strings; sourceTree = "<group>"; };
		4D72FB801911CFDD001B695A /* pop-Info.plist */ = {isa = PBXFileReference; fileEncoding = 4; lastKnownFileType = text.plist.xml; path = "pop-Info.plist"; sourceTree = "<group>"; };
		4D72FB811911CFDD001B695A /* pop-Prefix.pch */ = {isa = PBXFileReference; fileEncoding = 4; lastKnownFileType = sourcecode.c.h; path = "pop-Prefix.pch"; sourceTree = "<group>"; };
		4D72FB821911CFDD001B695A /* POP.h */ = {isa = PBXFileReference; fileEncoding = 4; lastKnownFileType = sourcecode.c.h; path = POP.h; sourceTree = "<group>"; };
		4D72FB831911CFDD001B695A /* POPAction.h */ = {isa = PBXFileReference; fileEncoding = 4; lastKnownFileType = sourcecode.c.h; path = POPAction.h; sourceTree = "<group>"; };
		4D72FB841911CFDD001B695A /* POPAnimatableProperty.h */ = {isa = PBXFileReference; fileEncoding = 4; lastKnownFileType = sourcecode.c.h; path = POPAnimatableProperty.h; sourceTree = "<group>"; };
		4D72FB851911CFDD001B695A /* POPAnimatableProperty.mm */ = {isa = PBXFileReference; fileEncoding = 4; lastKnownFileType = sourcecode.cpp.objcpp; path = POPAnimatableProperty.mm; sourceTree = "<group>"; };
		4D72FB861911CFDD001B695A /* POPAnimation.h */ = {isa = PBXFileReference; fileEncoding = 4; lastKnownFileType = sourcecode.c.h; path = POPAnimation.h; sourceTree = "<group>"; };
		4D72FB871911CFDD001B695A /* POPAnimation.mm */ = {isa = PBXFileReference; fileEncoding = 4; lastKnownFileType = sourcecode.cpp.objcpp; path = POPAnimation.mm; sourceTree = "<group>"; };
		4D72FB881911CFDD001B695A /* POPAnimationEvent.h */ = {isa = PBXFileReference; fileEncoding = 4; lastKnownFileType = sourcecode.c.h; path = POPAnimationEvent.h; sourceTree = "<group>"; };
		4D72FB891911CFDD001B695A /* POPAnimationEvent.mm */ = {isa = PBXFileReference; fileEncoding = 4; lastKnownFileType = sourcecode.cpp.objcpp; path = POPAnimationEvent.mm; sourceTree = "<group>"; };
		4D72FB8A1911CFDD001B695A /* POPAnimationEventInternal.h */ = {isa = PBXFileReference; fileEncoding = 4; lastKnownFileType = sourcecode.c.h; path = POPAnimationEventInternal.h; sourceTree = "<group>"; };
		4D72FB8B1911CFDD001B695A /* POPAnimationExtras.h */ = {isa = PBXFileReference; fileEncoding = 4; lastKnownFileType = sourcecode.c.h; path = POPAnimationExtras.h; sourceTree = "<group>"; };
		4D72FB8C1911CFDD001B695A /* POPAnimationExtras.mm */ = {isa = PBXFileReference; fileEncoding = 4; lastKnownFileType = sourcecode.cpp.objcpp; path = POPAnimationExtras.mm; sourceTree = "<group>"; };
		4D72FB8D1911CFDD001B695A /* POPAnimationInternal.h */ = {isa = PBXFileReference; fileEncoding = 4; lastKnownFileType = sourcecode.c.h; path = POPAnimationInternal.h; sourceTree = "<group>"; };
		4D72FB8E1911CFDD001B695A /* POPAnimationPrivate.h */ = {isa = PBXFileReference; fileEncoding = 4; lastKnownFileType = sourcecode.c.h; path = POPAnimationPrivate.h; sourceTree = "<group>"; };
		4D72FB8F1911CFDD001B695A /* POPAnimationRuntime.h */ = {isa = PBXFileReference; fileEncoding = 4; lastKnownFileType = sourcecode.c.h; path = POPAnimationRuntime.h; sourceTree = "<group>"; };
		4D72FB901911CFDD001B695A /* POPAnimationRuntime.mm */ = {isa = PBXFileReference; fileEncoding = 4; lastKnownFileType = sourcecode.cpp.objcpp; path = POPAnimationRuntime.mm; sourceTree = "<group>"; };
		4D72FB911911CFDD001B695A /* POPAnimationTracer.h */ = {isa = PBXFileReference; fileEncoding = 4; lastKnownFileType = sourcecode.c.h; path = POPAnimationTracer.h; sourceTree = "<group>"; };
		4D72FB921911CFDD001B695A /* POPAnimationTracer.mm */ = {isa = PBXFileReference; fileEncoding = 4; lastKnownFileType = sourcecode.cpp.objcpp; path = POPAnimationTracer.mm; sourceTree = "<group>"; };
		4D72FB931911CFDD001B695A /* POPAnimationTracerInternal.h */ = {isa = PBXFileReference; fileEncoding = 4; lastKnownFileType = sourcecode.c.h; path = POPAnimationTracerInternal.h; sourceTree = "<group>"; };
		4D72FB941911CFDD001B695A /* POPAnimator.h */ = {isa = PBXFileReference; fileEncoding = 4; lastKnownFileType = sourcecode.c.h; path = POPAnimator.h; sourceTree = "<group>"; };
		4D72FB951911CFDD001B695A /* POPAnimator.mm */ = {isa = PBXFileReference; fileEncoding = 4; lastKnownFileType = sourcecode.cpp.objcpp; path = POPAnimator.mm; sourceTree = "<group>"; };
		4D72FB961911CFDD001B695A /* POPAnimatorPrivate.h */ = {isa = PBXFileReference; fileEncoding = 4; lastKnownFileType = sourcecode.c.h; path = POPAnimatorPrivate.h; sourceTree = "<group>"; };
		4D72FB971911CFDD001B695A /* POPBasicAnimation.h */ = {isa = PBXFileReference; fileEncoding = 4; lastKnownFileType = sourcecode.c.h; path = POPBasicAnimation.h; sourceTree = "<group>"; };
		4D72FB981911CFDD001B695A /* POPBasicAnimation.mm */ = {isa = PBXFileReference; fileEncoding = 4; lastKnownFileType = sourcecode.cpp.objcpp; path = POPBasicAnimation.mm; sourceTree = "<group>"; };
		4D72FB991911CFDD001B695A /* POPBasicAnimationInternal.h */ = {isa = PBXFileReference; fileEncoding = 4; lastKnownFileType = sourcecode.c.h; path = POPBasicAnimationInternal.h; sourceTree = "<group>"; };
		4D72FB9A1911CFDD001B695A /* POPCGUtils.h */ = {isa = PBXFileReference; fileEncoding = 4; lastKnownFileType = sourcecode.c.h; path = POPCGUtils.h; sourceTree = "<group>"; };
		4D72FB9B1911CFDD001B695A /* POPCGUtils.mm */ = {isa = PBXFileReference; fileEncoding = 4; lastKnownFileType = sourcecode.cpp.objcpp; path = POPCGUtils.mm; sourceTree = "<group>"; };
		4D72FB9C1911CFDD001B695A /* POPCustomAnimation.h */ = {isa = PBXFileReference; fileEncoding = 4; lastKnownFileType = sourcecode.c.h; path = POPCustomAnimation.h; sourceTree = "<group>"; };
		4D72FB9D1911CFDD001B695A /* POPCustomAnimation.mm */ = {isa = PBXFileReference; fileEncoding = 4; lastKnownFileType = sourcecode.cpp.objcpp; path = POPCustomAnimation.mm; sourceTree = "<group>"; };
		4D72FB9E1911CFDD001B695A /* POPDecayAnimation.h */ = {isa = PBXFileReference; fileEncoding = 4; lastKnownFileType = sourcecode.c.h; path = POPDecayAnimation.h; sourceTree = "<group>"; };
		4D72FB9F1911CFDD001B695A /* POPDecayAnimation.mm */ = {isa = PBXFileReference; fileEncoding = 4; lastKnownFileType = sourcecode.cpp.objcpp; path = POPDecayAnimation.mm; sourceTree = "<group>"; };
		4D72FBA01911CFDD001B695A /* POPDecayAnimationInternal.h */ = {isa = PBXFileReference; fileEncoding = 4; lastKnownFileType = sourcecode.c.h; path = POPDecayAnimationInternal.h; sourceTree = "<group>"; };
		4D72FBA11911CFDD001B695A /* POPDefines.h */ = {isa = PBXFileReference; fileEncoding = 4; lastKnownFileType = sourcecode.c.h; path = POPDefines.h; sourceTree = "<group>"; };
		4D72FBA21911CFDD001B695A /* POPGeometry.h */ = {isa = PBXFileReference; fileEncoding = 4; lastKnownFileType = sourcecode.c.h; path = POPGeometry.h; sourceTree = "<group>"; };
		4D72FBA31911CFDD001B695A /* POPGeometry.mm */ = {isa = PBXFileReference; fileEncoding = 4; lastKnownFileType = sourcecode.cpp.objcpp; path = POPGeometry.mm; sourceTree = "<group>"; };
		4D72FBA41911CFDD001B695A /* POPLayerExtras.h */ = {isa = PBXFileReference; fileEncoding = 4; lastKnownFileType = sourcecode.c.h; path = POPLayerExtras.h; sourceTree = "<group>"; };
		4D72FBA51911CFDD001B695A /* POPLayerExtras.mm */ = {isa = PBXFileReference; fileEncoding = 4; lastKnownFileType = sourcecode.cpp.objcpp; path = POPLayerExtras.mm; sourceTree = "<group>"; };
		4D72FBA61911CFDD001B695A /* POPMath.h */ = {isa = PBXFileReference; fileEncoding = 4; lastKnownFileType = sourcecode.c.h; path = POPMath.h; sourceTree = "<group>"; };
		4D72FBA71911CFDD001B695A /* POPMath.mm */ = {isa = PBXFileReference; fileEncoding = 4; lastKnownFileType = sourcecode.cpp.objcpp; path = POPMath.mm; sourceTree = "<group>"; };
		4D72FBA81911CFDD001B695A /* POPPropertyAnimation.h */ = {isa = PBXFileReference; fileEncoding = 4; lastKnownFileType = sourcecode.c.h; path = POPPropertyAnimation.h; sourceTree = "<group>"; };
		4D72FBA91911CFDD001B695A /* POPPropertyAnimation.mm */ = {isa = PBXFileReference; fileEncoding = 4; lastKnownFileType = sourcecode.cpp.objcpp; path = POPPropertyAnimation.mm; sourceTree = "<group>"; };
		4D72FBAA1911CFDD001B695A /* POPPropertyAnimationInternal.h */ = {isa = PBXFileReference; fileEncoding = 4; lastKnownFileType = sourcecode.c.h; path = POPPropertyAnimationInternal.h; sourceTree = "<group>"; };
		4D72FBAB1911CFDD001B695A /* POPSpringAnimation.h */ = {isa = PBXFileReference; fileEncoding = 4; lastKnownFileType = sourcecode.c.h; path = POPSpringAnimation.h; sourceTree = "<group>"; };
		4D72FBAC1911CFDD001B695A /* POPSpringAnimation.mm */ = {isa = PBXFileReference; fileEncoding = 4; lastKnownFileType = sourcecode.cpp.objcpp; path = POPSpringAnimation.mm; sourceTree = "<group>"; };
		4D72FBAD1911CFDD001B695A /* POPSpringAnimationInternal.h */ = {isa = PBXFileReference; fileEncoding = 4; lastKnownFileType = sourcecode.c.h; path = POPSpringAnimationInternal.h; sourceTree = "<group>"; };
		4D72FBAE1911CFDD001B695A /* POPSpringSolver.h */ = {isa = PBXFileReference; fileEncoding = 4; lastKnownFileType = sourcecode.c.h; path = POPSpringSolver.h; sourceTree = "<group>"; };
		4D72FBAF1911CFDD001B695A /* POPVector.h */ = {isa = PBXFileReference; fileEncoding = 4; lastKnownFileType = sourcecode.c.h; path = POPVector.h; sourceTree = "<group>"; };
		4D72FBB01911CFDD001B695A /* POPVector.mm */ = {isa = PBXFileReference; fileEncoding = 4; lastKnownFileType = sourcecode.cpp.objcpp; path = POPVector.mm; sourceTree = "<group>"; };
		4D72FBB21911CFDD001B695A /* FloatConversion.h */ = {isa = PBXFileReference; fileEncoding = 4; lastKnownFileType = sourcecode.c.h; path = FloatConversion.h; sourceTree = "<group>"; };
		4D72FBB31911CFDD001B695A /* TransformationMatrix.cpp */ = {isa = PBXFileReference; fileEncoding = 4; lastKnownFileType = sourcecode.cpp.cpp; path = TransformationMatrix.cpp; sourceTree = "<group>"; };
		4D72FBB41911CFDD001B695A /* TransformationMatrix.h */ = {isa = PBXFileReference; fileEncoding = 4; lastKnownFileType = sourcecode.c.h; path = TransformationMatrix.h; sourceTree = "<group>"; };
		4D72FBB51911CFDD001B695A /* UnitBezier.h */ = {isa = PBXFileReference; fileEncoding = 4; lastKnownFileType = sourcecode.c.h; path = UnitBezier.h; sourceTree = "<group>"; };
		4D72FBD71911EDB6001B695A /* POPSpringPOPLayerSize.h */ = {isa = PBXFileReference; fileEncoding = 4; lastKnownFileType = sourcecode.c.h; path = POPSpringPOPLayerSize.h; sourceTree = "<group>"; };
		4D72FBD81911EDB6001B695A /* POPSpringPOPLayerSize.m */ = {isa = PBXFileReference; fileEncoding = 4; lastKnownFileType = sourcecode.c.objc; path = POPSpringPOPLayerSize.m; sourceTree = "<group>"; };
		4D72FBD91911EDB6001B695A /* POPSpringPOPLayerSize.xib */ = {isa = PBXFileReference; fileEncoding = 4; lastKnownFileType = file.xib; path = POPSpringPOPLayerSize.xib; sourceTree = "<group>"; };
		4D72FBDA1911EDB6001B695A /* ViewController.h */ = {isa = PBXFileReference; fileEncoding = 4; lastKnownFileType = sourcecode.c.h; path = ViewController.h; sourceTree = "<group>"; };
		4D72FBDB1911EDB6001B695A /* ViewController.m */ = {isa = PBXFileReference; fileEncoding = 4; lastKnownFileType = sourcecode.c.objc; path = ViewController.m; sourceTree = "<group>"; };
		4D72FBDC1911EDB6001B695A /* ViewController.xib */ = {isa = PBXFileReference; fileEncoding = 4; lastKnownFileType = file.xib; path = ViewController.xib; sourceTree = "<group>"; };
		4D72FBE21911EE21001B695A /* chengxuyuan.png */ = {isa = PBXFileReference; lastKnownFileType = image.png; path = chengxuyuan.png; sourceTree = "<group>"; };
		4D72FBE51911EF5D001B695A /* POPSpringPOPLayerPosition.h */ = {isa = PBXFileReference; fileEncoding = 4; lastKnownFileType = sourcecode.c.h; path = POPSpringPOPLayerPosition.h; sourceTree = "<group>"; };
		4D72FBE61911EF5D001B695A /* POPSpringPOPLayerPosition.m */ = {isa = PBXFileReference; fileEncoding = 4; lastKnownFileType = sourcecode.c.objc; path = POPSpringPOPLayerPosition.m; sourceTree = "<group>"; };
		4D72FBE71911EF5D001B695A /* POPSpringPOPLayerPosition.xib */ = {isa = PBXFileReference; fileEncoding = 4; lastKnownFileType = file.xib; path = POPSpringPOPLayerPosition.xib; sourceTree = "<group>"; };
		4D72FBF41911FFE7001B695A /* POPBasicPOPViewAlpha.h */ = {isa = PBXFileReference; fileEncoding = 4; lastKnownFileType = sourcecode.c.h; path = POPBasicPOPViewAlpha.h; sourceTree = "<group>"; };
		4D72FBF51911FFE7001B695A /* POPBasicPOPViewAlpha.m */ = {isa = PBXFileReference; fileEncoding = 4; lastKnownFileType = sourcecode.c.objc; path = POPBasicPOPViewAlpha.m; sourceTree = "<group>"; };
		4D72FBF61911FFE7001B695A /* POPBasicPOPViewAlpha.xib */ = {isa = PBXFileReference; fileEncoding = 4; lastKnownFileType = file.xib; path = POPBasicPOPViewAlpha.xib; sourceTree = "<group>"; };
		4D72FBF919120842001B695A /* POPSpringPOPViewFrame.h */ = {isa = PBXFileReference; fileEncoding = 4; lastKnownFileType = sourcecode.c.h; path = POPSpringPOPViewFrame.h; sourceTree = "<group>"; };
		4D72FBFA19120842001B695A /* POPSpringPOPViewFrame.m */ = {isa = PBXFileReference; fileEncoding = 4; lastKnownFileType = sourcecode.c.objc; path = POPSpringPOPViewFrame.m; sourceTree = "<group>"; };
		4D72FBFB19120842001B695A /* POPSpringPOPViewFrame.xib */ = {isa = PBXFileReference; fileEncoding = 4; lastKnownFileType = file.xib; path = POPSpringPOPViewFrame.xib; sourceTree = "<group>"; };
		4D72FBFE19120A3F001B695A /* rexueriji.png */ = {isa = PBXFileReference; lastKnownFileType = image.png; path = rexueriji.png; sourceTree = "<group>"; };
		4D72FC01191351AD001B695A /* CombinePOPbox.h */ = {isa = PBXFileReference; fileEncoding = 4; lastKnownFileType = sourcecode.c.h; path = CombinePOPbox.h; sourceTree = "<group>"; };
		4D72FC02191351AD001B695A /* CombinePOPbox.m */ = {isa = PBXFileReference; fileEncoding = 4; lastKnownFileType = sourcecode.c.objc; path = CombinePOPbox.m; sourceTree = "<group>"; };
		4D72FC06191353A8001B695A /* CombinePOPbox.xib */ = {isa = PBXFileReference; fileEncoding = 4; lastKnownFileType = file.xib; path = CombinePOPbox.xib; sourceTree = "<group>"; };
		4D72FC08191358B5001B695A /* menu.png */ = {isa = PBXFileReference; lastKnownFileType = image.png; path = menu.png; sourceTree = "<group>"; };
/* End PBXFileReference section */

/* Begin PBXFrameworksBuildPhase section */
		4D233A93190FEB86004B35AC /* Frameworks */ = {
			isa = PBXFrameworksBuildPhase;
			buildActionMask = 2147483647;
			files = (
				4D233A9C190FEB86004B35AC /* CoreGraphics.framework in Frameworks */,
				4D233A9E190FEB86004B35AC /* UIKit.framework in Frameworks */,
				4D233A9A190FEB86004B35AC /* Foundation.framework in Frameworks */,
			);
			runOnlyForDeploymentPostprocessing = 0;
		};
/* End PBXFrameworksBuildPhase section */

/* Begin PBXGroup section */
		4D233A8D190FEB86004B35AC = {
			isa = PBXGroup;
			children = (
				4D233AA8190FEB86004B35AC /* AppDelegate.h */,
				4D233AA9190FEB86004B35AC /* AppDelegate.m */,
				4D72FBD61911EDB6001B695A /* Controllers */,
				4D72FB7D1911CFDD001B695A /* pop */,
				4D72FBD51911ED96001B695A /* Resource */,
				4D233AA0190FEB86004B35AC /* Supporting Files */,
				4D233A98190FEB86004B35AC /* Frameworks */,
				4D233A97190FEB86004B35AC /* Products */,
			);
			sourceTree = "<group>";
		};
		4D233A97190FEB86004B35AC /* Products */ = {
			isa = PBXGroup;
			children = (
				4D233A96190FEB86004B35AC /* TestPop.app */,
			);
			name = Products;
			sourceTree = "<group>";
		};
		4D233A98190FEB86004B35AC /* Frameworks */ = {
			isa = PBXGroup;
			children = (
				4D233A99190FEB86004B35AC /* Foundation.framework */,
				4D233A9B190FEB86004B35AC /* CoreGraphics.framework */,
				4D233A9D190FEB86004B35AC /* UIKit.framework */,
				4D233AB2190FEB86004B35AC /* XCTest.framework */,
			);
			name = Frameworks;
			sourceTree = "<group>";
		};
		4D233AA0190FEB86004B35AC /* Supporting Files */ = {
			isa = PBXGroup;
			children = (
				4D233AAB190FEB86004B35AC /* Images.xcassets */,
				4D233AA1190FEB86004B35AC /* TestPop-Info.plist */,
				4D233AA2190FEB86004B35AC /* InfoPlist.strings */,
				4D233AA5190FEB86004B35AC /* main.m */,
				4D233AA7190FEB86004B35AC /* TestPop-Prefix.pch */,
			);
			name = "Supporting Files";
			path = TestPop;
			sourceTree = "<group>";
		};
		4D72FB7D1911CFDD001B695A /* pop */ = {
			isa = PBXGroup;
			children = (
				4D72FB7E1911CFDD001B695A /* InfoPlist.strings */,
				4D72FB801911CFDD001B695A /* pop-Info.plist */,
				4D72FB811911CFDD001B695A /* pop-Prefix.pch */,
				4D72FB821911CFDD001B695A /* POP.h */,
				4D72FB831911CFDD001B695A /* POPAction.h */,
				4D72FB841911CFDD001B695A /* POPAnimatableProperty.h */,
				4D72FB851911CFDD001B695A /* POPAnimatableProperty.mm */,
				4D72FB861911CFDD001B695A /* POPAnimation.h */,
				4D72FB871911CFDD001B695A /* POPAnimation.mm */,
				4D72FB881911CFDD001B695A /* POPAnimationEvent.h */,
				4D72FB891911CFDD001B695A /* POPAnimationEvent.mm */,
				4D72FB8A1911CFDD001B695A /* POPAnimationEventInternal.h */,
				4D72FB8B1911CFDD001B695A /* POPAnimationExtras.h */,
				4D72FB8C1911CFDD001B695A /* POPAnimationExtras.mm */,
				4D72FB8D1911CFDD001B695A /* POPAnimationInternal.h */,
				4D72FB8E1911CFDD001B695A /* POPAnimationPrivate.h */,
				4D72FB8F1911CFDD001B695A /* POPAnimationRuntime.h */,
				4D72FB901911CFDD001B695A /* POPAnimationRuntime.mm */,
				4D72FB911911CFDD001B695A /* POPAnimationTracer.h */,
				4D72FB921911CFDD001B695A /* POPAnimationTracer.mm */,
				4D72FB931911CFDD001B695A /* POPAnimationTracerInternal.h */,
				4D72FB941911CFDD001B695A /* POPAnimator.h */,
				4D72FB951911CFDD001B695A /* POPAnimator.mm */,
				4D72FB961911CFDD001B695A /* POPAnimatorPrivate.h */,
				4D72FB971911CFDD001B695A /* POPBasicAnimation.h */,
				4D72FB981911CFDD001B695A /* POPBasicAnimation.mm */,
				4D72FB991911CFDD001B695A /* POPBasicAnimationInternal.h */,
				4D72FB9A1911CFDD001B695A /* POPCGUtils.h */,
				4D72FB9B1911CFDD001B695A /* POPCGUtils.mm */,
				4D72FB9C1911CFDD001B695A /* POPCustomAnimation.h */,
				4D72FB9D1911CFDD001B695A /* POPCustomAnimation.mm */,
				4D72FB9E1911CFDD001B695A /* POPDecayAnimation.h */,
				4D72FB9F1911CFDD001B695A /* POPDecayAnimation.mm */,
				4D72FBA01911CFDD001B695A /* POPDecayAnimationInternal.h */,
				4D72FBA11911CFDD001B695A /* POPDefines.h */,
				4D72FBA21911CFDD001B695A /* POPGeometry.h */,
				4D72FBA31911CFDD001B695A /* POPGeometry.mm */,
				4D72FBA41911CFDD001B695A /* POPLayerExtras.h */,
				4D72FBA51911CFDD001B695A /* POPLayerExtras.mm */,
				4D72FBA61911CFDD001B695A /* POPMath.h */,
				4D72FBA71911CFDD001B695A /* POPMath.mm */,
				4D72FBA81911CFDD001B695A /* POPPropertyAnimation.h */,
				4D72FBA91911CFDD001B695A /* POPPropertyAnimation.mm */,
				4D72FBAA1911CFDD001B695A /* POPPropertyAnimationInternal.h */,
				4D72FBAB1911CFDD001B695A /* POPSpringAnimation.h */,
				4D72FBAC1911CFDD001B695A /* POPSpringAnimation.mm */,
				4D72FBAD1911CFDD001B695A /* POPSpringAnimationInternal.h */,
				4D72FBAE1911CFDD001B695A /* POPSpringSolver.h */,
				4D72FBAF1911CFDD001B695A /* POPVector.h */,
				4D72FBB01911CFDD001B695A /* POPVector.mm */,
				4D72FBB11911CFDD001B695A /* WebCore */,
			);
			name = pop;
			path = TestPop/pop;
			sourceTree = "<group>";
		};
		4D72FBB11911CFDD001B695A /* WebCore */ = {
			isa = PBXGroup;
			children = (
				4D72FBB21911CFDD001B695A /* FloatConversion.h */,
				4D72FBB31911CFDD001B695A /* TransformationMatrix.cpp */,
				4D72FBB41911CFDD001B695A /* TransformationMatrix.h */,
				4D72FBB51911CFDD001B695A /* UnitBezier.h */,
			);
			path = WebCore;
			sourceTree = "<group>";
		};
		4D72FBD51911ED96001B695A /* Resource */ = {
			isa = PBXGroup;
			children = (
				4D72FC08191358B5001B695A /* menu.png */,
				4D72FBFE19120A3F001B695A /* rexueriji.png */,
				4D72FBE21911EE21001B695A /* chengxuyuan.png */,
			);
			path = Resource;
			sourceTree = "<group>";
		};
		4D72FBD61911EDB6001B695A /* Controllers */ = {
			isa = PBXGroup;
			children = (
				4D72FBDA1911EDB6001B695A /* ViewController.h */,
				4D72FBDB1911EDB6001B695A /* ViewController.m */,
				4D72FBDC1911EDB6001B695A /* ViewController.xib */,
				4D72FBE11911EDDE001B695A /* POPSpringAnimation */,
				4D72FBF31911FF64001B695A /* POPBasicAnimation */,
				4D72FC001913516E001B695A /* CombineAnimation */,
			);
			path = Controllers;
			sourceTree = "<group>";
		};
		4D72FBE11911EDDE001B695A /* POPSpringAnimation */ = {
			isa = PBXGroup;
			children = (
				4D72FBD71911EDB6001B695A /* POPSpringPOPLayerSize.h */,
				4D72FBD81911EDB6001B695A /* POPSpringPOPLayerSize.m */,
				4D72FBD91911EDB6001B695A /* POPSpringPOPLayerSize.xib */,
				4D72FBE51911EF5D001B695A /* POPSpringPOPLayerPosition.h */,
				4D72FBE61911EF5D001B695A /* POPSpringPOPLayerPosition.m */,
				4D72FBE71911EF5D001B695A /* POPSpringPOPLayerPosition.xib */,
				4D72FBF919120842001B695A /* POPSpringPOPViewFrame.h */,
				4D72FBFA19120842001B695A /* POPSpringPOPViewFrame.m */,
				4D72FBFB19120842001B695A /* POPSpringPOPViewFrame.xib */,
			);
			name = POPSpringAnimation;
			sourceTree = "<group>";
		};
		4D72FBF31911FF64001B695A /* POPBasicAnimation */ = {
			isa = PBXGroup;
			children = (
				4D72FBF41911FFE7001B695A /* POPBasicPOPViewAlpha.h */,
				4D72FBF51911FFE7001B695A /* POPBasicPOPViewAlpha.m */,
				4D72FBF61911FFE7001B695A /* POPBasicPOPViewAlpha.xib */,
			);
			name = POPBasicAnimation;
			sourceTree = "<group>";
		};
		4D72FC001913516E001B695A /* CombineAnimation */ = {
			isa = PBXGroup;
			children = (
				4D72FC01191351AD001B695A /* CombinePOPbox.h */,
				4D72FC02191351AD001B695A /* CombinePOPbox.m */,
				4D72FC06191353A8001B695A /* CombinePOPbox.xib */,
			);
			name = CombineAnimation;
			sourceTree = "<group>";
		};
/* End PBXGroup section */

/* Begin PBXNativeTarget section */
		4D233A95190FEB86004B35AC /* TestPop */ = {
			isa = PBXNativeTarget;
			buildConfigurationList = 4D233AC2190FEB86004B35AC /* Build configuration list for PBXNativeTarget "TestPop" */;
			buildPhases = (
				4D233A92190FEB86004B35AC /* Sources */,
				4D233A93190FEB86004B35AC /* Frameworks */,
				4D233A94190FEB86004B35AC /* Resources */,
			);
			buildRules = (
			);
			dependencies = (
			);
			name = TestPop;
			productName = TestPop;
			productReference = 4D233A96190FEB86004B35AC /* TestPop.app */;
			productType = "com.apple.product-type.application";
		};
/* End PBXNativeTarget section */

/* Begin PBXProject section */
		4D233A8E190FEB86004B35AC /* Project object */ = {
			isa = PBXProject;
			attributes = {
				LastUpgradeCheck = 0500;
				ORGANIZATIONNAME = "XuDong Jin";
			};
			buildConfigurationList = 4D233A91190FEB86004B35AC /* Build configuration list for PBXProject "TestPop" */;
			compatibilityVersion = "Xcode 3.2";
			developmentRegion = English;
			hasScannedForEncodings = 0;
			knownRegions = (
				en,
			);
			mainGroup = 4D233A8D190FEB86004B35AC;
			productRefGroup = 4D233A97190FEB86004B35AC /* Products */;
			projectDirPath = "";
			projectRoot = "";
			targets = (
				4D233A95190FEB86004B35AC /* TestPop */,
			);
		};
/* End PBXProject section */

/* Begin PBXResourcesBuildPhase section */
		4D233A94190FEB86004B35AC /* Resources */ = {
			isa = PBXResourcesBuildPhase;
			buildActionMask = 2147483647;
			files = (
				4D72FBB71911CFDD001B695A /* pop-Info.plist in Resources */,
				4D72FBE91911EF5D001B695A /* POPSpringPOPLayerPosition.xib in Resources */,
				4D72FBF81911FFE7001B695A /* POPBasicPOPViewAlpha.xib in Resources */,
				4D72FC09191358B5001B695A /* menu.png in Resources */,
				4D72FC07191353A8001B695A /* CombinePOPbox.xib in Resources */,
				4D72FBFD19120842001B695A /* POPSpringPOPViewFrame.xib in Resources */,
				4D233AA4190FEB86004B35AC /* InfoPlist.strings in Resources */,
				4D72FBFF19120A3F001B695A /* rexueriji.png in Resources */,
				4D72FBDE1911EDB6001B695A /* POPSpringPOPLayerSize.xib in Resources */,
				4D72FBE31911EE21001B695A /* chengxuyuan.png in Resources */,
				4D72FBB61911CFDD001B695A /* InfoPlist.strings in Resources */,
				4D72FBE01911EDB6001B695A /* ViewController.xib in Resources */,
				4D233AAC190FEB86004B35AC /* Images.xcassets in Resources */,
			);
			runOnlyForDeploymentPostprocessing = 0;
		};
/* End PBXResourcesBuildPhase section */

/* Begin PBXSourcesBuildPhase section */
		4D233A92190FEB86004B35AC /* Sources */ = {
			isa = PBXSourcesBuildPhase;
			buildActionMask = 2147483647;
			files = (
				4D233AAA190FEB86004B35AC /* AppDelegate.m in Sources */,
				4D72FBBC1911CFDD001B695A /* POPAnimationRuntime.mm in Sources */,
				4D72FBC61911CFDD001B695A /* POPPropertyAnimation.mm in Sources */,
				4D72FBBA1911CFDD001B695A /* POPAnimationEvent.mm in Sources */,
				4D72FBE81911EF5D001B695A /* POPSpringPOPLayerPosition.m in Sources */,
				4D72FBC31911CFDD001B695A /* POPGeometry.mm in Sources */,
				4D233AA6190FEB86004B35AC /* main.m in Sources */,
				4D72FBC81911CFDD001B695A /* POPVector.mm in Sources */,
				4D72FBC01911CFDD001B695A /* POPCGUtils.mm in Sources */,
				4D72FC04191351AD001B695A /* CombinePOPbox.m in Sources */,
				4D72FBBE1911CFDD001B695A /* POPAnimator.mm in Sources */,
				4D72FBC91911CFDD001B695A /* TransformationMatrix.cpp in Sources */,
				4D72FBC41911CFDD001B695A /* POPLayerExtras.mm in Sources */,
				4D72FBC21911CFDD001B695A /* POPDecayAnimation.mm in Sources */,
				4D72FBBF1911CFDD001B695A /* POPBasicAnimation.mm in Sources */,
				4D72FBC71911CFDD001B695A /* POPSpringAnimation.mm in Sources */,
				4D72FBBB1911CFDD001B695A /* POPAnimationExtras.mm in Sources */,
				4D72FBC51911CFDD001B695A /* POPMath.mm in Sources */,
				4D72FBDF1911EDB6001B695A /* ViewController.m in Sources */,
				4D72FBF71911FFE7001B695A /* POPBasicPOPViewAlpha.m in Sources */,
				4D72FBBD1911CFDD001B695A /* POPAnimationTracer.mm in Sources */,
				4D72FBDD1911EDB6001B695A /* POPSpringPOPLayerSize.m in Sources */,
				4D72FBFC19120842001B695A /* POPSpringPOPViewFrame.m in Sources */,
				4D72FBB91911CFDD001B695A /* POPAnimation.mm in Sources */,
				4D72FBB81911CFDD001B695A /* POPAnimatableProperty.mm in Sources */,
				4D72FBC11911CFDD001B695A /* POPCustomAnimation.mm in Sources */,
			);
			runOnlyForDeploymentPostprocessing = 0;
		};
/* End PBXSourcesBuildPhase section */

/* Begin PBXVariantGroup section */
		4D233AA2190FEB86004B35AC /* InfoPlist.strings */ = {
			isa = PBXVariantGroup;
			children = (
				4D233AA3190FEB86004B35AC /* en */,
			);
			name = InfoPlist.strings;
			sourceTree = "<group>";
		};
		4D72FB7E1911CFDD001B695A /* InfoPlist.strings */ = {
			isa = PBXVariantGroup;
			children = (
				4D72FB7F1911CFDD001B695A /* en */,
			);
			name = InfoPlist.strings;
			sourceTree = "<group>";
		};
/* End PBXVariantGroup section */

/* Begin XCBuildConfiguration section */
		4D233AC0190FEB86004B35AC /* Debug */ = {
			isa = XCBuildConfiguration;
			buildSettings = {
				ALWAYS_SEARCH_USER_PATHS = NO;
				ARCHS = "$(ARCHS_STANDARD_INCLUDING_64_BIT)";
				CLANG_CXX_LANGUAGE_STANDARD = "gnu++0x";
				CLANG_CXX_LIBRARY = "libc++";
				CLANG_ENABLE_MODULES = YES;
				CLANG_ENABLE_OBJC_ARC = YES;
				CLANG_WARN_BOOL_CONVERSION = YES;
				CLANG_WARN_CONSTANT_CONVERSION = YES;
				CLANG_WARN_DIRECT_OBJC_ISA_USAGE = YES_ERROR;
				CLANG_WARN_EMPTY_BODY = YES;
				CLANG_WARN_ENUM_CONVERSION = YES;
				CLANG_WARN_INT_CONVERSION = YES;
				CLANG_WARN_OBJC_ROOT_CLASS = YES_ERROR;
				CLANG_WARN__DUPLICATE_METHOD_MATCH = YES;
				"CODE_SIGN_IDENTITY[sdk=iphoneos*]" = "iPhone Developer";
				COPY_PHASE_STRIP = NO;
				GCC_C_LANGUAGE_STANDARD = gnu99;
				GCC_DYNAMIC_NO_PIC = NO;
				GCC_OPTIMIZATION_LEVEL = 0;
				GCC_PREPROCESSOR_DEFINITIONS = (
					"DEBUG=1",
					"$(inherited)",
				);
				GCC_SYMBOLS_PRIVATE_EXTERN = NO;
				GCC_WARN_64_TO_32_BIT_CONVERSION = YES;
				GCC_WARN_ABOUT_RETURN_TYPE = YES_ERROR;
				GCC_WARN_UNDECLARED_SELECTOR = YES;
				GCC_WARN_UNINITIALIZED_AUTOS = YES;
				GCC_WARN_UNUSED_FUNCTION = YES;
				GCC_WARN_UNUSED_VARIABLE = YES;
				IPHONEOS_DEPLOYMENT_TARGET = 7.0;
				ONLY_ACTIVE_ARCH = YES;
				SDKROOT = iphoneos;
			};
			name = Debug;
		};
		4D233AC1190FEB86004B35AC /* Release */ = {
			isa = XCBuildConfiguration;
			buildSettings = {
				ALWAYS_SEARCH_USER_PATHS = NO;
				ARCHS = "$(ARCHS_STANDARD_INCLUDING_64_BIT)";
				CLANG_CXX_LANGUAGE_STANDARD = "gnu++0x";
				CLANG_CXX_LIBRARY = "libc++";
				CLANG_ENABLE_MODULES = YES;
				CLANG_ENABLE_OBJC_ARC = YES;
				CLANG_WARN_BOOL_CONVERSION = YES;
				CLANG_WARN_CONSTANT_CONVERSION = YES;
				CLANG_WARN_DIRECT_OBJC_ISA_USAGE = YES_ERROR;
				CLANG_WARN_EMPTY_BODY = YES;
				CLANG_WARN_ENUM_CONVERSION = YES;
				CLANG_WARN_INT_CONVERSION = YES;
				CLANG_WARN_OBJC_ROOT_CLASS = YES_ERROR;
				CLANG_WARN__DUPLICATE_METHOD_MATCH = YES;
				"CODE_SIGN_IDENTITY[sdk=iphoneos*]" = "iPhone Developer";
				COPY_PHASE_STRIP = YES;
				ENABLE_NS_ASSERTIONS = NO;
				GCC_C_LANGUAGE_STANDARD = gnu99;
				GCC_WARN_64_TO_32_BIT_CONVERSION = YES;
				GCC_WARN_ABOUT_RETURN_TYPE = YES_ERROR;
				GCC_WARN_UNDECLARED_SELECTOR = YES;
				GCC_WARN_UNINITIALIZED_AUTOS = YES;
				GCC_WARN_UNUSED_FUNCTION = YES;
				GCC_WARN_UNUSED_VARIABLE = YES;
				IPHONEOS_DEPLOYMENT_TARGET = 7.0;
				SDKROOT = iphoneos;
				VALIDATE_PRODUCT = YES;
			};
			name = Release;
		};
		4D233AC3190FEB86004B35AC /* Debug */ = {
			isa = XCBuildConfiguration;
			buildSettings = {
				ASSETCATALOG_COMPILER_APPICON_NAME = AppIcon;
				ASSETCATALOG_COMPILER_LAUNCHIMAGE_NAME = LaunchImage;
				GCC_PRECOMPILE_PREFIX_HEADER = YES;
				GCC_PREFIX_HEADER = "TestPop/TestPop-Prefix.pch";
				INFOPLIST_FILE = "TestPop/TestPop-Info.plist";
				IPHONEOS_DEPLOYMENT_TARGET = 6.1;
				ONLY_ACTIVE_ARCH = YES;
				OTHER_LDFLAGS = "";
				PRODUCT_NAME = "$(TARGET_NAME)";
				WRAPPER_EXTENSION = app;
			};
			name = Debug;
		};
		4D233AC4190FEB86004B35AC /* Release */ = {
			isa = XCBuildConfiguration;
			buildSettings = {
				ASSETCATALOG_COMPILER_APPICON_NAME = AppIcon;
				ASSETCATALOG_COMPILER_LAUNCHIMAGE_NAME = LaunchImage;
				GCC_PRECOMPILE_PREFIX_HEADER = YES;
				GCC_PREFIX_HEADER = "TestPop/TestPop-Prefix.pch";
				INFOPLIST_FILE = "TestPop/TestPop-Info.plist";
				IPHONEOS_DEPLOYMENT_TARGET = 6.1;
				OTHER_LDFLAGS = "";
				PRODUCT_NAME = "$(TARGET_NAME)";
				WRAPPER_EXTENSION = app;
			};
			name = Release;
		};
/* End XCBuildConfiguration section */

/* Begin XCConfigurationList section */
		4D233A91190FEB86004B35AC /* Build configuration list for PBXProject "TestPop" */ = {
			isa = XCConfigurationList;
			buildConfigurations = (
				4D233AC0190FEB86004B35AC /* Debug */,
				4D233AC1190FEB86004B35AC /* Release */,
			);
			defaultConfigurationIsVisible = 0;
			defaultConfigurationName = Release;
		};
		4D233AC2190FEB86004B35AC /* Build configuration list for PBXNativeTarget "TestPop" */ = {
			isa = XCConfigurationList;
			buildConfigurations = (
				4D233AC3190FEB86004B35AC /* Debug */,
				4D233AC4190FEB86004B35AC /* Release */,
			);
			defaultConfigurationIsVisible = 0;
			defaultConfigurationName = Release;
		};
/* End XCConfigurationList section */
	};
	rootObject = 4D233A8E190FEB86004B35AC /* Project object */;
}
